// !$*UTF8*$!
{
	archiveVersion = 1;
	classes = {
	};
	objectVersion = 50;
	objects = {

/* Begin PBXBuildFile section */
		C035AD432489E1A000A2700E /* NetworkDataFetcher.swift in Sources */ = {isa = PBXBuildFile; fileRef = C035AD422489E1A000A2700E /* NetworkDataFetcher.swift */; };
		C058D11C24767A0300F2DB71 /* AppDelegate.swift in Sources */ = {isa = PBXBuildFile; fileRef = C058D11B24767A0300F2DB71 /* AppDelegate.swift */; };
		C058D11E24767A0300F2DB71 /* SceneDelegate.swift in Sources */ = {isa = PBXBuildFile; fileRef = C058D11D24767A0300F2DB71 /* SceneDelegate.swift */; };
		C058D12524767A0900F2DB71 /* Assets.xcassets in Resources */ = {isa = PBXBuildFile; fileRef = C058D12424767A0900F2DB71 /* Assets.xcassets */; };
		C058D15E24769AE400F2DB71 /* AuthService.swift in Sources */ = {isa = PBXBuildFile; fileRef = C058D15D24769AE400F2DB71 /* AuthService.swift */; };
		C058D1612476BECC00F2DB71 /* AuthViewController.swift in Sources */ = {isa = PBXBuildFile; fileRef = C058D1602476BECC00F2DB71 /* AuthViewController.swift */; };
		C073803F2486FFB000C36FB4 /* NetworkService.swift in Sources */ = {isa = PBXBuildFile; fileRef = C073803E2486FFAF00C36FB4 /* NetworkService.swift */; };
		C0738041248700B000C36FB4 /* API.swift in Sources */ = {isa = PBXBuildFile; fileRef = C0738040248700B000C36FB4 /* API.swift */; };
		C07380432487EB5100C36FB4 /* FeedResponse.swift in Sources */ = {isa = PBXBuildFile; fileRef = C07380422487EB5100C36FB4 /* FeedResponse.swift */; };
		C08700D9248C697800126D59 /* NewsFeedPresenter.swift in Sources */ = {isa = PBXBuildFile; fileRef = C08700D3248C697800126D59 /* NewsFeedPresenter.swift */; };
		C08700DA248C697800126D59 /* NewsFeedWorker.swift in Sources */ = {isa = PBXBuildFile; fileRef = C08700D4248C697800126D59 /* NewsFeedWorker.swift */; };
		C08700DB248C697800126D59 /* NewsFeedRouter.swift in Sources */ = {isa = PBXBuildFile; fileRef = C08700D5248C697800126D59 /* NewsFeedRouter.swift */; };
		C08700DC248C697800126D59 /* NewsFeedModels.swift in Sources */ = {isa = PBXBuildFile; fileRef = C08700D6248C697800126D59 /* NewsFeedModels.swift */; };
		C08700DD248C697800126D59 /* NewsFeedViewController.swift in Sources */ = {isa = PBXBuildFile; fileRef = C08700D7248C697800126D59 /* NewsFeedViewController.swift */; };
		C08700DE248C697800126D59 /* NewsFeedInteractor.swift in Sources */ = {isa = PBXBuildFile; fileRef = C08700D8248C697800126D59 /* NewsFeedInteractor.swift */; };
		C0E0FED724770A09005BEADA /* AuthViewController.storyboard in Resources */ = {isa = PBXBuildFile; fileRef = C058D1642476BFAB00F2DB71 /* AuthViewController.storyboard */; };
		C0E0FED924788257005BEADA /* UIViewController+Storyboard.swift in Sources */ = {isa = PBXBuildFile; fileRef = C0E0FED824788257005BEADA /* UIViewController+Storyboard.swift */; };
		C0E0FEDC247BFDA9005BEADA /* FeedViewController.swift in Sources */ = {isa = PBXBuildFile; fileRef = C0E0FEDB247BFDA9005BEADA /* FeedViewController.swift */; };
		C0E0FEDE247BFEAC005BEADA /* FeedViewController.storyboard in Resources */ = {isa = PBXBuildFile; fileRef = C0E0FEDD247BFEAB005BEADA /* FeedViewController.storyboard */; };
/* End PBXBuildFile section */

/* Begin PBXCopyFilesBuildPhase section */
		C058D14F247686E600F2DB71 /* Embed Libraries */ = {
			isa = PBXCopyFilesBuildPhase;
			buildActionMask = 2147483647;
			dstPath = "";
			dstSubfolderSpec = 10;
			files = (
			);
			name = "Embed Libraries";
			runOnlyForDeploymentPostprocessing = 0;
		};
/* End PBXCopyFilesBuildPhase section */

/* Begin PBXFileReference section */
		C035AD422489E1A000A2700E /* NetworkDataFetcher.swift */ = {isa = PBXFileReference; lastKnownFileType = sourcecode.swift; path = NetworkDataFetcher.swift; sourceTree = "<group>"; };
		C058D11824767A0300F2DB71 /* VkFeed.app */ = {isa = PBXFileReference; explicitFileType = wrapper.application; includeInIndex = 0; path = VkFeed.app; sourceTree = BUILT_PRODUCTS_DIR; };
		C058D11B24767A0300F2DB71 /* AppDelegate.swift */ = {isa = PBXFileReference; lastKnownFileType = sourcecode.swift; path = AppDelegate.swift; sourceTree = "<group>"; };
		C058D11D24767A0300F2DB71 /* SceneDelegate.swift */ = {isa = PBXFileReference; lastKnownFileType = sourcecode.swift; path = SceneDelegate.swift; sourceTree = "<group>"; };
		C058D12424767A0900F2DB71 /* Assets.xcassets */ = {isa = PBXFileReference; lastKnownFileType = folder.assetcatalog; path = Assets.xcassets; sourceTree = "<group>"; };
		C058D12924767A0900F2DB71 /* Info.plist */ = {isa = PBXFileReference; lastKnownFileType = text.plist.xml; path = Info.plist; sourceTree = "<group>"; };
		C058D15D24769AE400F2DB71 /* AuthService.swift */ = {isa = PBXFileReference; lastKnownFileType = sourcecode.swift; path = AuthService.swift; sourceTree = "<group>"; };
		C058D1602476BECC00F2DB71 /* AuthViewController.swift */ = {isa = PBXFileReference; lastKnownFileType = sourcecode.swift; path = AuthViewController.swift; sourceTree = "<group>"; };
		C058D1642476BFAB00F2DB71 /* AuthViewController.storyboard */ = {isa = PBXFileReference; lastKnownFileType = file.storyboard; name = AuthViewController.storyboard; path = /Users/Ivan0v42/Documents/project/VkFeed/VkFeed/Auth/AuthViewController.storyboard; sourceTree = "<absolute>"; };
		C073803E2486FFAF00C36FB4 /* NetworkService.swift */ = {isa = PBXFileReference; lastKnownFileType = sourcecode.swift; path = NetworkService.swift; sourceTree = "<group>"; };
		C0738040248700B000C36FB4 /* API.swift */ = {isa = PBXFileReference; lastKnownFileType = sourcecode.swift; path = API.swift; sourceTree = "<group>"; };
		C07380422487EB5100C36FB4 /* FeedResponse.swift */ = {isa = PBXFileReference; lastKnownFileType = sourcecode.swift; path = FeedResponse.swift; sourceTree = "<group>"; };
		C08700D3248C697800126D59 /* NewsFeedPresenter.swift */ = {isa = PBXFileReference; lastKnownFileType = sourcecode.swift; path = NewsFeedPresenter.swift; sourceTree = "<group>"; };
		C08700D4248C697800126D59 /* NewsFeedWorker.swift */ = {isa = PBXFileReference; lastKnownFileType = sourcecode.swift; path = NewsFeedWorker.swift; sourceTree = "<group>"; };
		C08700D5248C697800126D59 /* NewsFeedRouter.swift */ = {isa = PBXFileReference; lastKnownFileType = sourcecode.swift; path = NewsFeedRouter.swift; sourceTree = "<group>"; };
		C08700D6248C697800126D59 /* NewsFeedModels.swift */ = {isa = PBXFileReference; lastKnownFileType = sourcecode.swift; path = NewsFeedModels.swift; sourceTree = "<group>"; };
		C08700D7248C697800126D59 /* NewsFeedViewController.swift */ = {isa = PBXFileReference; lastKnownFileType = sourcecode.swift; path = NewsFeedViewController.swift; sourceTree = "<group>"; };
		C08700D8248C697800126D59 /* NewsFeedInteractor.swift */ = {isa = PBXFileReference; lastKnownFileType = sourcecode.swift; path = NewsFeedInteractor.swift; sourceTree = "<group>"; };
		C0E0FED824788257005BEADA /* UIViewController+Storyboard.swift */ = {isa = PBXFileReference; lastKnownFileType = sourcecode.swift; path = "UIViewController+Storyboard.swift"; sourceTree = "<group>"; };
		C0E0FEDB247BFDA9005BEADA /* FeedViewController.swift */ = {isa = PBXFileReference; lastKnownFileType = sourcecode.swift; path = FeedViewController.swift; sourceTree = "<group>"; };
		C0E0FEDD247BFEAB005BEADA /* FeedViewController.storyboard */ = {isa = PBXFileReference; lastKnownFileType = file.storyboard; path = FeedViewController.storyboard; sourceTree = "<group>"; };
/* End PBXFileReference section */

/* Begin PBXFrameworksBuildPhase section */
		C058D11524767A0300F2DB71 /* Frameworks */ = {
			isa = PBXFrameworksBuildPhase;
			buildActionMask = 2147483647;
			files = (
			);
			runOnlyForDeploymentPostprocessing = 0;
		};
/* End PBXFrameworksBuildPhase section */

/* Begin PBXGroup section */
		C029C32B247C630500FD6D6B /* FeedViewController */ = {
			isa = PBXGroup;
			children = (
				C0E0FEDB247BFDA9005BEADA /* FeedViewController.swift */,
				C0E0FEDD247BFEAB005BEADA /* FeedViewController.storyboard */,
			);
			path = FeedViewController;
			sourceTree = "<group>";
		};
		C058D10F24767A0300F2DB71 = {
			isa = PBXGroup;
			children = (
				C058D11A24767A0300F2DB71 /* VkFeed */,
				C058D11924767A0300F2DB71 /* Products */,
				C058D14B247686E600F2DB71 /* Frameworks */,
			);
			sourceTree = "<group>";
		};
		C058D11924767A0300F2DB71 /* Products */ = {
			isa = PBXGroup;
			children = (
				C058D11824767A0300F2DB71 /* VkFeed.app */,
			);
			name = Products;
			sourceTree = "<group>";
		};
		C058D11A24767A0300F2DB71 /* VkFeed */ = {
			isa = PBXGroup;
			children = (
				C058D11B24767A0300F2DB71 /* AppDelegate.swift */,
				C08700D2248C68BF00126D59 /* NewsFeed */,
				C058D1662476BFD300F2DB71 /* Auth */,
				C029C32B247C630500FD6D6B /* FeedViewController */,
				C058D15F24769B8200F2DB71 /* Services */,
				C0E0FEDA24789042005BEADA /* Helpers */,
				C058D11D24767A0300F2DB71 /* SceneDelegate.swift */,
				C058D12424767A0900F2DB71 /* Assets.xcassets */,
				C058D12924767A0900F2DB71 /* Info.plist */,
			);
			path = VkFeed;
			sourceTree = "<group>";
		};
		C058D14B247686E600F2DB71 /* Frameworks */ = {
			isa = PBXGroup;
			children = (
			);
			name = Frameworks;
			sourceTree = "<group>";
		};
		C058D15F24769B8200F2DB71 /* Services */ = {
			isa = PBXGroup;
			children = (
				C058D15D24769AE400F2DB71 /* AuthService.swift */,
				C0738040248700B000C36FB4 /* API.swift */,
				C035AD422489E1A000A2700E /* NetworkDataFetcher.swift */,
				C073803E2486FFAF00C36FB4 /* NetworkService.swift */,
				C07380442487EB5A00C36FB4 /* Models */,
			);
			path = Services;
			sourceTree = "<group>";
		};
		C058D1662476BFD300F2DB71 /* Auth */ = {
			isa = PBXGroup;
			children = (
				C058D1642476BFAB00F2DB71 /* AuthViewController.storyboard */,
				C058D1602476BECC00F2DB71 /* AuthViewController.swift */,
			);
			path = Auth;
			sourceTree = "<group>";
		};
		C07380442487EB5A00C36FB4 /* Models */ = {
			isa = PBXGroup;
			children = (
				C07380422487EB5100C36FB4 /* FeedResponse.swift */,
			);
			path = Models;
			sourceTree = "<group>";
		};
		C08700D2248C68BF00126D59 /* NewsFeed */ = {
			isa = PBXGroup;
			children = (
				C08700D3248C697800126D59 /* NewsFeedPresenter.swift */,
				C08700D4248C697800126D59 /* NewsFeedWorker.swift */,
				C08700D5248C697800126D59 /* NewsFeedRouter.swift */,
				C08700D6248C697800126D59 /* NewsFeedModels.swift */,
				C08700D7248C697800126D59 /* NewsFeedViewController.swift */,
				C08700D8248C697800126D59 /* NewsFeedInteractor.swift */,
			);
			path = NewsFeed;
			sourceTree = "<group>";
		};
		C0E0FEDA24789042005BEADA /* Helpers */ = {
			isa = PBXGroup;
			children = (
				C0E0FED824788257005BEADA /* UIViewController+Storyboard.swift */,
			);
			path = Helpers;
			sourceTree = "<group>";
		};
/* End PBXGroup section */

/* Begin PBXNativeTarget section */
		C058D11724767A0300F2DB71 /* VkFeed */ = {
			isa = PBXNativeTarget;
			buildConfigurationList = C058D14224767A0900F2DB71 /* Build configuration list for PBXNativeTarget "VkFeed" */;
			buildPhases = (
				C058D11424767A0300F2DB71 /* Sources */,
				C058D11524767A0300F2DB71 /* Frameworks */,
				C058D11624767A0300F2DB71 /* Resources */,
				C058D14F247686E600F2DB71 /* Embed Libraries */,
				C058D1512476879600F2DB71 /* ShellScript */,
			);
			buildRules = (
			);
			dependencies = (
			);
			name = VkFeed;
			productName = VkFeed;
			productReference = C058D11824767A0300F2DB71 /* VkFeed.app */;
			productType = "com.apple.product-type.application";
		};
/* End PBXNativeTarget section */

/* Begin PBXProject section */
		C058D11024767A0300F2DB71 /* Project object */ = {
			isa = PBXProject;
			attributes = {
				LastSwiftUpdateCheck = 1140;
				LastUpgradeCheck = 1140;
				ORGANIZATIONNAME = Mac;
				TargetAttributes = {
					C058D11724767A0300F2DB71 = {
						CreatedOnToolsVersion = 11.4;
					};
				};
			};
			buildConfigurationList = C058D11324767A0300F2DB71 /* Build configuration list for PBXProject "VkFeed" */;
			compatibilityVersion = "Xcode 9.3";
			developmentRegion = en;
			hasScannedForEncodings = 0;
			knownRegions = (
				en,
				Base,
			);
			mainGroup = C058D10F24767A0300F2DB71;
			productRefGroup = C058D11924767A0300F2DB71 /* Products */;
			projectDirPath = "";
			projectRoot = "";
			targets = (
				C058D11724767A0300F2DB71 /* VkFeed */,
			);
		};
/* End PBXProject section */

/* Begin PBXResourcesBuildPhase section */
		C058D11624767A0300F2DB71 /* Resources */ = {
			isa = PBXResourcesBuildPhase;
			buildActionMask = 2147483647;
			files = (
				C0E0FED724770A09005BEADA /* AuthViewController.storyboard in Resources */,
				C058D12524767A0900F2DB71 /* Assets.xcassets in Resources */,
				C0E0FEDE247BFEAC005BEADA /* FeedViewController.storyboard in Resources */,
			);
			runOnlyForDeploymentPostprocessing = 0;
		};
/* End PBXResourcesBuildPhase section */

/* Begin PBXShellScriptBuildPhase section */
		C058D1512476879600F2DB71 /* ShellScript */ = {
			isa = PBXShellScriptBuildPhase;
			buildActionMask = 12;
			files = (
			);
			inputFileListPaths = (
			);
			inputPaths = (
				"$(SRCROOT)/Carthage/Build/iOS/VKSdkFramework.framework",
				"$(SRCROOT)/Carthage/Build/iOS/Alamofire.framework",
			);
			outputFileListPaths = (
			);
			outputPaths = (
				"$(BUILT_PRODUCTS_DIR)/$(FRAMEWORKS_FOLDER_PATH)/VKSdkFramework.framework",
				"$(BUILT_PRODUCTS_DIR)/$(FRAMEWORKS_FOLDER_PATH)/Alamofire.framework",
			);
			runOnlyForDeploymentPostprocessing = 0;
			shellPath = /bin/sh;
			shellScript = "/usr/local/bin/carthage copy-frameworks\n";
		};
/* End PBXShellScriptBuildPhase section */

/* Begin PBXSourcesBuildPhase section */
		C058D11424767A0300F2DB71 /* Sources */ = {
			isa = PBXSourcesBuildPhase;
			buildActionMask = 2147483647;
			files = (
				C058D1612476BECC00F2DB71 /* AuthViewController.swift in Sources */,
				C08700DB248C697800126D59 /* NewsFeedRouter.swift in Sources */,
				C08700DC248C697800126D59 /* NewsFeedModels.swift in Sources */,
				C058D15E24769AE400F2DB71 /* AuthService.swift in Sources */,
				C058D11C24767A0300F2DB71 /* AppDelegate.swift in Sources */,
				C0E0FED924788257005BEADA /* UIViewController+Storyboard.swift in Sources */,
				C0E0FEDC247BFDA9005BEADA /* FeedViewController.swift in Sources */,
				C035AD432489E1A000A2700E /* NetworkDataFetcher.swift in Sources */,
				C058D11E24767A0300F2DB71 /* SceneDelegate.swift in Sources */,
				C0738041248700B000C36FB4 /* API.swift in Sources */,
				C07380432487EB5100C36FB4 /* FeedResponse.swift in Sources */,
				C08700D9248C697800126D59 /* NewsFeedPresenter.swift in Sources */,
				C08700DA248C697800126D59 /* NewsFeedWorker.swift in Sources */,
				C073803F2486FFB000C36FB4 /* NetworkService.swift in Sources */,
				C08700DD248C697800126D59 /* NewsFeedViewController.swift in Sources */,
				C08700DE248C697800126D59 /* NewsFeedInteractor.swift in Sources */,
			);
			runOnlyForDeploymentPostprocessing = 0;
		};
/* End PBXSourcesBuildPhase section */

/* Begin XCBuildConfiguration section */
		C058D14024767A0900F2DB71 /* Debug */ = {
			isa = XCBuildConfiguration;
			buildSettings = {
				ALWAYS_SEARCH_USER_PATHS = NO;
				CLANG_ANALYZER_NONNULL = YES;
				CLANG_ANALYZER_NUMBER_OBJECT_CONVERSION = YES_AGGRESSIVE;
				CLANG_CXX_LANGUAGE_STANDARD = "gnu++14";
				CLANG_CXX_LIBRARY = "libc++";
				CLANG_ENABLE_MODULES = YES;
				CLANG_ENABLE_OBJC_ARC = YES;
				CLANG_ENABLE_OBJC_WEAK = YES;
				CLANG_WARN_BLOCK_CAPTURE_AUTORELEASING = YES;
				CLANG_WARN_BOOL_CONVERSION = YES;
				CLANG_WARN_COMMA = YES;
				CLANG_WARN_CONSTANT_CONVERSION = YES;
				CLANG_WARN_DEPRECATED_OBJC_IMPLEMENTATIONS = YES;
				CLANG_WARN_DIRECT_OBJC_ISA_USAGE = YES_ERROR;
				CLANG_WARN_DOCUMENTATION_COMMENTS = YES;
				CLANG_WARN_EMPTY_BODY = YES;
				CLANG_WARN_ENUM_CONVERSION = YES;
				CLANG_WARN_INFINITE_RECURSION = YES;
				CLANG_WARN_INT_CONVERSION = YES;
				CLANG_WARN_NON_LITERAL_NULL_CONVERSION = YES;
				CLANG_WARN_OBJC_IMPLICIT_RETAIN_SELF = YES;
				CLANG_WARN_OBJC_LITERAL_CONVERSION = YES;
				CLANG_WARN_OBJC_ROOT_CLASS = YES_ERROR;
				CLANG_WARN_RANGE_LOOP_ANALYSIS = YES;
				CLANG_WARN_STRICT_PROTOTYPES = YES;
				CLANG_WARN_SUSPICIOUS_MOVE = YES;
				CLANG_WARN_UNGUARDED_AVAILABILITY = YES_AGGRESSIVE;
				CLANG_WARN_UNREACHABLE_CODE = YES;
				CLANG_WARN__DUPLICATE_METHOD_MATCH = YES;
				COPY_PHASE_STRIP = NO;
				DEBUG_INFORMATION_FORMAT = dwarf;
				ENABLE_STRICT_OBJC_MSGSEND = YES;
				ENABLE_TESTABILITY = YES;
				GCC_C_LANGUAGE_STANDARD = gnu11;
				GCC_DYNAMIC_NO_PIC = NO;
				GCC_NO_COMMON_BLOCKS = YES;
				GCC_OPTIMIZATION_LEVEL = 0;
				GCC_PREPROCESSOR_DEFINITIONS = (
					"DEBUG=1",
					"$(inherited)",
				);
				GCC_WARN_64_TO_32_BIT_CONVERSION = YES;
				GCC_WARN_ABOUT_RETURN_TYPE = YES_ERROR;
				GCC_WARN_UNDECLARED_SELECTOR = YES;
				GCC_WARN_UNINITIALIZED_AUTOS = YES_AGGRESSIVE;
				GCC_WARN_UNUSED_FUNCTION = YES;
				GCC_WARN_UNUSED_VARIABLE = YES;
				IPHONEOS_DEPLOYMENT_TARGET = 13.4;
				MTL_ENABLE_DEBUG_INFO = INCLUDE_SOURCE;
				MTL_FAST_MATH = YES;
				ONLY_ACTIVE_ARCH = YES;
				SDKROOT = iphoneos;
				SWIFT_ACTIVE_COMPILATION_CONDITIONS = DEBUG;
				SWIFT_OPTIMIZATION_LEVEL = "-Onone";
			};
			name = Debug;
		};
		C058D14124767A0900F2DB71 /* Release */ = {
			isa = XCBuildConfiguration;
			buildSettings = {
				ALWAYS_SEARCH_USER_PATHS = NO;
				CLANG_ANALYZER_NONNULL = YES;
				CLANG_ANALYZER_NUMBER_OBJECT_CONVERSION = YES_AGGRESSIVE;
				CLANG_CXX_LANGUAGE_STANDARD = "gnu++14";
				CLANG_CXX_LIBRARY = "libc++";
				CLANG_ENABLE_MODULES = YES;
				CLANG_ENABLE_OBJC_ARC = YES;
				CLANG_ENABLE_OBJC_WEAK = YES;
				CLANG_WARN_BLOCK_CAPTURE_AUTORELEASING = YES;
				CLANG_WARN_BOOL_CONVERSION = YES;
				CLANG_WARN_COMMA = YES;
				CLANG_WARN_CONSTANT_CONVERSION = YES;
				CLANG_WARN_DEPRECATED_OBJC_IMPLEMENTATIONS = YES;
				CLANG_WARN_DIRECT_OBJC_ISA_USAGE = YES_ERROR;
				CLANG_WARN_DOCUMENTATION_COMMENTS = YES;
				CLANG_WARN_EMPTY_BODY = YES;
				CLANG_WARN_ENUM_CONVERSION = YES;
				CLANG_WARN_INFINITE_RECURSION = YES;
				CLANG_WARN_INT_CONVERSION = YES;
				CLANG_WARN_NON_LITERAL_NULL_CONVERSION = YES;
				CLANG_WARN_OBJC_IMPLICIT_RETAIN_SELF = YES;
				CLANG_WARN_OBJC_LITERAL_CONVERSION = YES;
				CLANG_WARN_OBJC_ROOT_CLASS = YES_ERROR;
				CLANG_WARN_RANGE_LOOP_ANALYSIS = YES;
				CLANG_WARN_STRICT_PROTOTYPES = YES;
				CLANG_WARN_SUSPICIOUS_MOVE = YES;
				CLANG_WARN_UNGUARDED_AVAILABILITY = YES_AGGRESSIVE;
				CLANG_WARN_UNREACHABLE_CODE = YES;
				CLANG_WARN__DUPLICATE_METHOD_MATCH = YES;
				COPY_PHASE_STRIP = NO;
				DEBUG_INFORMATION_FORMAT = "dwarf-with-dsym";
				ENABLE_NS_ASSERTIONS = NO;
				ENABLE_STRICT_OBJC_MSGSEND = YES;
				GCC_C_LANGUAGE_STANDARD = gnu11;
				GCC_NO_COMMON_BLOCKS = YES;
				GCC_WARN_64_TO_32_BIT_CONVERSION = YES;
				GCC_WARN_ABOUT_RETURN_TYPE = YES_ERROR;
				GCC_WARN_UNDECLARED_SELECTOR = YES;
				GCC_WARN_UNINITIALIZED_AUTOS = YES_AGGRESSIVE;
				GCC_WARN_UNUSED_FUNCTION = YES;
				GCC_WARN_UNUSED_VARIABLE = YES;
				IPHONEOS_DEPLOYMENT_TARGET = 13.4;
				MTL_ENABLE_DEBUG_INFO = NO;
				MTL_FAST_MATH = YES;
				SDKROOT = iphoneos;
				SWIFT_COMPILATION_MODE = wholemodule;
				SWIFT_OPTIMIZATION_LEVEL = "-O";
				VALIDATE_PRODUCT = YES;
			};
			name = Release;
		};
		C058D14324767A0900F2DB71 /* Debug */ = {
			isa = XCBuildConfiguration;
			buildSettings = {
				ASSETCATALOG_COMPILER_APPICON_NAME = AppIcon;
				CODE_SIGN_IDENTITY = "Apple Development";
				CODE_SIGN_STYLE = Manual;
				DEVELOPMENT_TEAM = "";
				FRAMEWORK_SEARCH_PATHS = (
					"$(inherited)",
					"$(PROJECT_DIR)/Carthage/Build/iOS",
					"$(PROJECT_DIR)",
				);
				INFOPLIST_FILE = VkFeed/Info.plist;
				LD_RUNPATH_SEARCH_PATHS = (
					"$(inherited)",
					"@executable_path/Frameworks",
				);
				LIBRARY_SEARCH_PATHS = (
					"$(inherited)",
					"$(PROJECT_DIR)/Carthage/Build/iOS/VKSdkFramework.framework",
				);
				PRODUCT_BUNDLE_IDENTIFIER = com.artemBazeev.VKFeed;
				PRODUCT_NAME = "$(TARGET_NAME)";
				PROVISIONING_PROFILE_SPECIFIER = "";
				SWIFT_VERSION = 5.0;
				TARGETED_DEVICE_FAMILY = "1,2";
			};
			name = Debug;
		};
		C058D14424767A0900F2DB71 /* Release */ = {
			isa = XCBuildConfiguration;
			buildSettings = {
				ASSETCATALOG_COMPILER_APPICON_NAME = AppIcon;
				CODE_SIGN_IDENTITY = "Apple Development";
				CODE_SIGN_STYLE = Manual;
				DEVELOPMENT_TEAM = "";
				FRAMEWORK_SEARCH_PATHS = (
					"$(inherited)",
					"$(PROJECT_DIR)/Carthage/Build/iOS",
					"$(PROJECT_DIR)",
				);
				INFOPLIST_FILE = VkFeed/Info.plist;
				LD_RUNPATH_SEARCH_PATHS = (
					"$(inherited)",
					"@executable_path/Frameworks",
				);
				LIBRARY_SEARCH_PATHS = (
					"$(inherited)",
					"$(PROJECT_DIR)/Carthage/Build/iOS/VKSdkFramework.framework",
				);
				PRODUCT_BUNDLE_IDENTIFIER = com.artemBazeev.VKFeed;
				PRODUCT_NAME = "$(TARGET_NAME)";
				PROVISIONING_PROFILE_SPECIFIER = "";
				SWIFT_VERSION = 5.0;
				TARGETED_DEVICE_FAMILY = "1,2";
			};
			name = Release;
		};
/* End XCBuildConfiguration section */

/* Begin XCConfigurationList section */
		C058D11324767A0300F2DB71 /* Build configuration list for PBXProject "VkFeed" */ = {
			isa = XCConfigurationList;
			buildConfigurations = (
				C058D14024767A0900F2DB71 /* Debug */,
				C058D14124767A0900F2DB71 /* Release */,
			);
			defaultConfigurationIsVisible = 0;
			defaultConfigurationName = Release;
		};
		C058D14224767A0900F2DB71 /* Build configuration list for PBXNativeTarget "VkFeed" */ = {
			isa = XCConfigurationList;
			buildConfigurations = (
				C058D14324767A0900F2DB71 /* Debug */,
				C058D14424767A0900F2DB71 /* Release */,
			);
			defaultConfigurationIsVisible = 0;
			defaultConfigurationName = Release;
		};
/* End XCConfigurationList section */
	};
	rootObject = C058D11024767A0300F2DB71 /* Project object */;
}
